{
  "originHash" : "bf1db1fa76aa439cd59e0230824bc6345e99c9cb1ae36d460a026d0ace2ee710",
  "pins" : [
    {
      "identity" : "swift-numerics",
      "kind" : "remoteSourceControl",
      "location" : "https://github.com/apple/swift-numerics",
      "state" : {
        "revision" : "bbadd4b853a33fd78c4ae977d17bb2af15eb3f2a",
        "version" : "1.1.0"
      }
    }
  ],
  "version" : 3
}
