{
  "originHash" : "c466e25eaad2b0fb88673195f59e7983a904bcf48a74b9804fe84d9147aba274",
  "pins" : [
    {
      "identity" : "swift-numerics",
      "kind" : "remoteSourceControl",
      "location" : "https://github.com/apple/swift-numerics",
      "state" : {
        "revision" : "bbadd4b853a33fd78c4ae977d17bb2af15eb3f2a",
        "version" : "1.1.0"
      }
    }
  ],
  "version" : 3
}
